PODS:
  - Alamofire (3.1.3)
  - EDQueue (0.7.1):
    - FMDB (~> 2.0)
  - FMDB (2.5):
    - FMDB/standard (= 2.5)
  - FMDB/common (2.5)
  - FMDB/standard (2.5):
    - FMDB/common
  - Izeni (0.5.0):
    - Alamofire
    - EDQueue
    - PEPhotoCropEditor
    - SCNetworkReachability
    - SwiftyJSON
  - macros_blocks (0.0.1)
  - PEPhotoCropEditor (1.3.1)
  - SCNetworkReachability (2.0.4):
    - SCNetworkReachability/Core (= 2.0.4)
  - SCNetworkReachability/Core (2.0.4):
    - macros_blocks (= 0.0.1)
  - SwiftyJSON (2.3.2)

DEPENDENCIES:
  - Izeni (from `../`)

EXTERNAL SOURCES:
  Izeni:
    :path: ../

SPEC CHECKSUMS:
  Alamofire: 9f93b56389e48def9220dd57d1f44b1927229a5a
  EDQueue: 302a206e4da5fc1a007c4f1d1aabe6c049c1848e
  FMDB: 96e8f1bcc1329e269330f99770ad4285d9003e52
  Izeni: 3344f9c78038e0d8281336adea9311e42bdb4929
  macros_blocks: da2106a0975514e16f3669f2f50a02efaff642cf
  PEPhotoCropEditor: 613292fce009efd085e7aed975f1ebb3fec8bb7b
  SCNetworkReachability: 4d836180e9ef916da4ef68a34fec748f88950712
  SwiftyJSON: 04ccea08915aa0109039157c7974cf0298da292a

COCOAPODS: 0.39.0
