// !$*UTF8*$!
{
	archiveVersion = 1;
	classes = {
	};
	objectVersion = 46;
	objects = {

/* Begin PBXBuildFile section */
		143CC3AD3C5AD4AEFF12F6EE /* Pods_IZExample.framework in Frameworks */ = {isa = PBXBuildFile; fileRef = 15FC007EB200AAEB8332453D /* Pods_IZExample.framework */; };
		349A34AB1BF54EE100725CB2 /* AppDelegate.swift in Sources */ = {isa = PBXBuildFile; fileRef = 349A34AA1BF54EE100725CB2 /* AppDelegate.swift */; };
		349A34AD1BF54EE100725CB2 /* ViewController.swift in Sources */ = {isa = PBXBuildFile; fileRef = 349A34AC1BF54EE100725CB2 /* ViewController.swift */; };
		349A34B01BF54EE100725CB2 /* Main.storyboard in Resources */ = {isa = PBXBuildFile; fileRef = 349A34AE1BF54EE100725CB2 /* Main.storyboard */; };
		349A34B21BF54EE100725CB2 /* Assets.xcassets in Resources */ = {isa = PBXBuildFile; fileRef = 349A34B11BF54EE100725CB2 /* Assets.xcassets */; };
		349A34B51BF54EE100725CB2 /* LaunchScreen.storyboard in Resources */ = {isa = PBXBuildFile; fileRef = 349A34B31BF54EE100725CB2 /* LaunchScreen.storyboard */; };
		349A34C31BF54F6500725CB2 /* IZExampleTests.swift in Sources */ = {isa = PBXBuildFile; fileRef = 349A34C21BF54F6500725CB2 /* IZExampleTests.swift */; };
/* End PBXBuildFile section */

/* Begin PBXContainerItemProxy section */
		349A34C51BF54F6500725CB2 /* PBXContainerItemProxy */ = {
			isa = PBXContainerItemProxy;
			containerPortal = 349A349F1BF54EE100725CB2 /* Project object */;
			proxyType = 1;
			remoteGlobalIDString = 349A34A61BF54EE100725CB2;
			remoteInfo = IZExample;
		};
/* End PBXContainerItemProxy section */

/* Begin PBXFileReference section */
		1575EAD6467C6F100AC7B290 /* Pods-IZExample.debug.xcconfig */ = {isa = PBXFileReference; includeInIndex = 1; lastKnownFileType = text.xcconfig; name = "Pods-IZExample.debug.xcconfig"; path = "Pods/Target Support Files/Pods-IZExample/Pods-IZExample.debug.xcconfig"; sourceTree = "<group>"; };
		15FC007EB200AAEB8332453D /* Pods_IZExample.framework */ = {isa = PBXFileReference; explicitFileType = wrapper.framework; includeInIndex = 0; path = Pods_IZExample.framework; sourceTree = BUILT_PRODUCTS_DIR; };
		2542A61A09787DD4E04F6DF5 /* Pods-IZExample.release.xcconfig */ = {isa = PBXFileReference; includeInIndex = 1; lastKnownFileType = text.xcconfig; name = "Pods-IZExample.release.xcconfig"; path = "Pods/Target Support Files/Pods-IZExample/Pods-IZExample.release.xcconfig"; sourceTree = "<group>"; };
		349A34A71BF54EE100725CB2 /* IZExample.app */ = {isa = PBXFileReference; explicitFileType = wrapper.application; includeInIndex = 0; path = IZExample.app; sourceTree = BUILT_PRODUCTS_DIR; };
		349A34AA1BF54EE100725CB2 /* AppDelegate.swift */ = {isa = PBXFileReference; lastKnownFileType = sourcecode.swift; path = AppDelegate.swift; sourceTree = "<group>"; };
		349A34AC1BF54EE100725CB2 /* ViewController.swift */ = {isa = PBXFileReference; lastKnownFileType = sourcecode.swift; path = ViewController.swift; sourceTree = "<group>"; };
		349A34AF1BF54EE100725CB2 /* Base */ = {isa = PBXFileReference; lastKnownFileType = file.storyboard; name = Base; path = Base.lproj/Main.storyboard; sourceTree = "<group>"; };
		349A34B11BF54EE100725CB2 /* Assets.xcassets */ = {isa = PBXFileReference; lastKnownFileType = folder.assetcatalog; path = Assets.xcassets; sourceTree = "<group>"; };
		349A34B41BF54EE100725CB2 /* Base */ = {isa = PBXFileReference; lastKnownFileType = file.storyboard; name = Base; path = Base.lproj/LaunchScreen.storyboard; sourceTree = "<group>"; };
		349A34B61BF54EE100725CB2 /* Info.plist */ = {isa = PBXFileReference; lastKnownFileType = text.plist.xml; path = Info.plist; sourceTree = "<group>"; };
		349A34C01BF54F6500725CB2 /* IZExampleTests.xctest */ = {isa = PBXFileReference; explicitFileType = wrapper.cfbundle; includeInIndex = 0; path = IZExampleTests.xctest; sourceTree = BUILT_PRODUCTS_DIR; };
		349A34C21BF54F6500725CB2 /* IZExampleTests.swift */ = {isa = PBXFileReference; lastKnownFileType = sourcecode.swift; path = IZExampleTests.swift; sourceTree = "<group>"; };
		349A34C41BF54F6500725CB2 /* Info.plist */ = {isa = PBXFileReference; lastKnownFileType = text.plist.xml; path = Info.plist; sourceTree = "<group>"; };
/* End PBXFileReference section */

/* Begin PBXFrameworksBuildPhase section */
		349A34A41BF54EE100725CB2 /* Frameworks */ = {
			isa = PBXFrameworksBuildPhase;
			buildActionMask = 2147483647;
			files = (
				143CC3AD3C5AD4AEFF12F6EE /* Pods_IZExample.framework in Frameworks */,
			);
			runOnlyForDeploymentPostprocessing = 0;
		};
		349A34BD1BF54F6500725CB2 /* Frameworks */ = {
			isa = PBXFrameworksBuildPhase;
			buildActionMask = 2147483647;
			files = (
			);
			runOnlyForDeploymentPostprocessing = 0;
		};
/* End PBXFrameworksBuildPhase section */

/* Begin PBXGroup section */
		02608E22F19C3C0BB7C49B3D /* Frameworks */ = {
			isa = PBXGroup;
			children = (
				15FC007EB200AAEB8332453D /* Pods_IZExample.framework */,
			);
			name = Frameworks;
			sourceTree = "<group>";
		};
		349A349E1BF54EE100725CB2 = {
			isa = PBXGroup;
			children = (
				349A34A91BF54EE100725CB2 /* IZExample */,
				349A34C11BF54F6500725CB2 /* IZExampleTests */,
				349A34A81BF54EE100725CB2 /* Products */,
				D86846F4B4D463C2AEFE6431 /* Pods */,
				02608E22F19C3C0BB7C49B3D /* Frameworks */,
			);
			sourceTree = "<group>";
		};
		349A34A81BF54EE100725CB2 /* Products */ = {
			isa = PBXGroup;
			children = (
				349A34A71BF54EE100725CB2 /* IZExample.app */,
				349A34C01BF54F6500725CB2 /* IZExampleTests.xctest */,
			);
			name = Products;
			sourceTree = "<group>";
		};
		349A34A91BF54EE100725CB2 /* IZExample */ = {
			isa = PBXGroup;
			children = (
				349A34AA1BF54EE100725CB2 /* AppDelegate.swift */,
				349A34AC1BF54EE100725CB2 /* ViewController.swift */,
				349A34AE1BF54EE100725CB2 /* Main.storyboard */,
				349A34B11BF54EE100725CB2 /* Assets.xcassets */,
				349A34B31BF54EE100725CB2 /* LaunchScreen.storyboard */,
				349A34B61BF54EE100725CB2 /* Info.plist */,
			);
			path = IZExample;
			sourceTree = "<group>";
		};
		349A34C11BF54F6500725CB2 /* IZExampleTests */ = {
			isa = PBXGroup;
			children = (
				349A34C21BF54F6500725CB2 /* IZExampleTests.swift */,
				349A34C41BF54F6500725CB2 /* Info.plist */,
			);
			path = IZExampleTests;
			sourceTree = "<group>";
		};
		D86846F4B4D463C2AEFE6431 /* Pods */ = {
			isa = PBXGroup;
			children = (
				1575EAD6467C6F100AC7B290 /* Pods-IZExample.debug.xcconfig */,
				2542A61A09787DD4E04F6DF5 /* Pods-IZExample.release.xcconfig */,
			);
			name = Pods;
			sourceTree = "<group>";
		};
/* End PBXGroup section */

/* Begin PBXNativeTarget section */
		349A34A61BF54EE100725CB2 /* IZExample */ = {
			isa = PBXNativeTarget;
			buildConfigurationList = 349A34B91BF54EE100725CB2 /* Build configuration list for PBXNativeTarget "IZExample" */;
			buildPhases = (
				ABD2A792673040E2321F31AE /* Check Pods Manifest.lock */,
				349A34A31BF54EE100725CB2 /* Sources */,
				349A34A41BF54EE100725CB2 /* Frameworks */,
				349A34A51BF54EE100725CB2 /* Resources */,
				8E393492715001C5DB580675 /* Embed Pods Frameworks */,
				ED44B08A0D04304F71151E9E /* Copy Pods Resources */,
			);
			buildRules = (
			);
			dependencies = (
			);
			name = IZExample;
			productName = IZExample;
			productReference = 349A34A71BF54EE100725CB2 /* IZExample.app */;
			productType = "com.apple.product-type.application";
		};
		349A34BF1BF54F6500725CB2 /* IZExampleTests */ = {
			isa = PBXNativeTarget;
			buildConfigurationList = 349A34C91BF54F6500725CB2 /* Build configuration list for PBXNativeTarget "IZExampleTests" */;
			buildPhases = (
				349A34BC1BF54F6500725CB2 /* Sources */,
				349A34BD1BF54F6500725CB2 /* Frameworks */,
				349A34BE1BF54F6500725CB2 /* Resources */,
			);
			buildRules = (
			);
			dependencies = (
				349A34C61BF54F6500725CB2 /* PBXTargetDependency */,
			);
			name = IZExampleTests;
			productName = IZExampleTests;
			productReference = 349A34C01BF54F6500725CB2 /* IZExampleTests.xctest */;
			productType = "com.apple.product-type.bundle.unit-test";
		};
/* End PBXNativeTarget section */

/* Begin PBXProject section */
		349A349F1BF54EE100725CB2 /* Project object */ = {
			isa = PBXProject;
			attributes = {
				LastSwiftUpdateCheck = 0710;
				LastUpgradeCheck = 0710;
				ORGANIZATIONNAME = "Bryan Henderson";
				TargetAttributes = {
					349A34A61BF54EE100725CB2 = {
						CreatedOnToolsVersion = 7.1;
					};
					349A34BF1BF54F6500725CB2 = {
						CreatedOnToolsVersion = 7.1;
						TestTargetID = 349A34A61BF54EE100725CB2;
					};
				};
			};
			buildConfigurationList = 349A34A21BF54EE100725CB2 /* Build configuration list for PBXProject "IZExample" */;
			compatibilityVersion = "Xcode 3.2";
			developmentRegion = English;
			hasScannedForEncodings = 0;
			knownRegions = (
				en,
				Base,
			);
			mainGroup = 349A349E1BF54EE100725CB2;
			productRefGroup = 349A34A81BF54EE100725CB2 /* Products */;
			projectDirPath = "";
			projectRoot = "";
			targets = (
				349A34A61BF54EE100725CB2 /* IZExample */,
				349A34BF1BF54F6500725CB2 /* IZExampleTests */,
			);
		};
/* End PBXProject section */

/* Begin PBXResourcesBuildPhase section */
		349A34A51BF54EE100725CB2 /* Resources */ = {
			isa = PBXResourcesBuildPhase;
			buildActionMask = 2147483647;
			files = (
				349A34B51BF54EE100725CB2 /* LaunchScreen.storyboard in Resources */,
				349A34B21BF54EE100725CB2 /* Assets.xcassets in Resources */,
				349A34B01BF54EE100725CB2 /* Main.storyboard in Resources */,
			);
			runOnlyForDeploymentPostprocessing = 0;
		};
		349A34BE1BF54F6500725CB2 /* Resources */ = {
			isa = PBXResourcesBuildPhase;
			buildActionMask = 2147483647;
			files = (
			);
			runOnlyForDeploymentPostprocessing = 0;
		};
/* End PBXResourcesBuildPhase section */

/* Begin PBXShellScriptBuildPhase section */
		8E393492715001C5DB580675 /* Embed Pods Frameworks */ = {
			isa = PBXShellScriptBuildPhase;
			buildActionMask = 2147483647;
			files = (
			);
			inputPaths = (
			);
			name = "Embed Pods Frameworks";
			outputPaths = (
			);
			runOnlyForDeploymentPostprocessing = 0;
			shellPath = /bin/sh;
			shellScript = "\"${SRCROOT}/Pods/Target Support Files/Pods-IZExample/Pods-IZExample-frameworks.sh\"\n";
			showEnvVarsInLog = 0;
		};
		ABD2A792673040E2321F31AE /* Check Pods Manifest.lock */ = {
			isa = PBXShellScriptBuildPhase;
			buildActionMask = 2147483647;
			files = (
			);
			inputPaths = (
			);
			name = "Check Pods Manifest.lock";
			outputPaths = (
			);
			runOnlyForDeploymentPostprocessing = 0;
			shellPath = /bin/sh;
			shellScript = "diff \"${PODS_ROOT}/../Podfile.lock\" \"${PODS_ROOT}/Manifest.lock\" > /dev/null\nif [[ $? != 0 ]] ; then\n    cat << EOM\nerror: The sandbox is not in sync with the Podfile.lock. Run 'pod install' or update your CocoaPods installation.\nEOM\n    exit 1\nfi\n";
			showEnvVarsInLog = 0;
		};
		ED44B08A0D04304F71151E9E /* Copy Pods Resources */ = {
			isa = PBXShellScriptBuildPhase;
			buildActionMask = 2147483647;
			files = (
			);
			inputPaths = (
			);
			name = "Copy Pods Resources";
			outputPaths = (
			);
			runOnlyForDeploymentPostprocessing = 0;
			shellPath = /bin/sh;
			shellScript = "\"${SRCROOT}/Pods/Target Support Files/Pods-IZExample/Pods-IZExample-resources.sh\"\n";
			showEnvVarsInLog = 0;
		};
/* End PBXShellScriptBuildPhase section */

/* Begin PBXSourcesBuildPhase section */
		349A34A31BF54EE100725CB2 /* Sources */ = {
			isa = PBXSourcesBuildPhase;
			buildActionMask = 2147483647;
			files = (
				349A34AD1BF54EE100725CB2 /* ViewController.swift in Sources */,
				349A34AB1BF54EE100725CB2 /* AppDelegate.swift in Sources */,
			);
			runOnlyForDeploymentPostprocessing = 0;
		};
		349A34BC1BF54F6500725CB2 /* Sources */ = {
			isa = PBXSourcesBuildPhase;
			buildActionMask = 2147483647;
			files = (
				349A34C31BF54F6500725CB2 /* IZExampleTests.swift in Sources */,
			);
			runOnlyForDeploymentPostprocessing = 0;
		};
/* End PBXSourcesBuildPhase section */

/* Begin PBXTargetDependency section */
		349A34C61BF54F6500725CB2 /* PBXTargetDependency */ = {
			isa = PBXTargetDependency;
			target = 349A34A61BF54EE100725CB2 /* IZExample */;
			targetProxy = 349A34C51BF54F6500725CB2 /* PBXContainerItemProxy */;
		};
/* End PBXTargetDependency section */

/* Begin PBXVariantGroup section */
		349A34AE1BF54EE100725CB2 /* Main.storyboard */ = {
			isa = PBXVariantGroup;
			children = (
				349A34AF1BF54EE100725CB2 /* Base */,
			);
			name = Main.storyboard;
			sourceTree = "<group>";
		};
		349A34B31BF54EE100725CB2 /* LaunchScreen.storyboard */ = {
			isa = PBXVariantGroup;
			children = (
				349A34B41BF54EE100725CB2 /* Base */,
			);
			name = LaunchScreen.storyboard;
			sourceTree = "<group>";
		};
/* End PBXVariantGroup section */

/* Begin XCBuildConfiguration section */
		349A34B71BF54EE100725CB2 /* Debug */ = {
			isa = XCBuildConfiguration;
			buildSettings = {
				ALWAYS_SEARCH_USER_PATHS = NO;
				CLANG_CXX_LANGUAGE_STANDARD = "gnu++0x";
				CLANG_CXX_LIBRARY = "libc++";
				CLANG_ENABLE_MODULES = YES;
				CLANG_ENABLE_OBJC_ARC = YES;
				CLANG_WARN_BOOL_CONVERSION = YES;
				CLANG_WARN_CONSTANT_CONVERSION = YES;
				CLANG_WARN_DIRECT_OBJC_ISA_USAGE = YES_ERROR;
				CLANG_WARN_EMPTY_BODY = YES;
				CLANG_WARN_ENUM_CONVERSION = YES;
				CLANG_WARN_INT_CONVERSION = YES;
				CLANG_WARN_OBJC_ROOT_CLASS = YES_ERROR;
				CLANG_WARN_UNREACHABLE_CODE = YES;
				CLANG_WARN__DUPLICATE_METHOD_MATCH = YES;
				"CODE_SIGN_IDENTITY[sdk=iphoneos*]" = "iPhone Developer";
				COPY_PHASE_STRIP = NO;
				DEBUG_INFORMATION_FORMAT = dwarf;
				ENABLE_STRICT_OBJC_MSGSEND = YES;
				ENABLE_TESTABILITY = YES;
				GCC_C_LANGUAGE_STANDARD = gnu99;
				GCC_DYNAMIC_NO_PIC = NO;
				GCC_NO_COMMON_BLOCKS = YES;
				GCC_OPTIMIZATION_LEVEL = 0;
				GCC_PREPROCESSOR_DEFINITIONS = (
					"DEBUG=1",
					"$(inherited)",
				);
				GCC_WARN_64_TO_32_BIT_CONVERSION = YES;
				GCC_WARN_ABOUT_RETURN_TYPE = YES_ERROR;
				GCC_WARN_UNDECLARED_SELECTOR = YES;
				GCC_WARN_UNINITIALIZED_AUTOS = YES_AGGRESSIVE;
				GCC_WARN_UNUSED_FUNCTION = YES;
				GCC_WARN_UNUSED_VARIABLE = YES;
				IPHONEOS_DEPLOYMENT_TARGET = 9.1;
				MTL_ENABLE_DEBUG_INFO = YES;
				ONLY_ACTIVE_ARCH = YES;
				SDKROOT = iphoneos;
				SWIFT_OPTIMIZATION_LEVEL = "-Onone";
				TARGETED_DEVICE_FAMILY = "1,2";
			};
			name = Debug;
		};
		349A34B81BF54EE100725CB2 /* Release */ = {
			isa = XCBuildConfiguration;
			buildSettings = {
				ALWAYS_SEARCH_USER_PATHS = NO;
				CLANG_CXX_LANGUAGE_STANDARD = "gnu++0x";
				CLANG_CXX_LIBRARY = "libc++";
				CLANG_ENABLE_MODULES = YES;
				CLANG_ENABLE_OBJC_ARC = YES;
				CLANG_WARN_BOOL_CONVERSION = YES;
				CLANG_WARN_CONSTANT_CONVERSION = YES;
				CLANG_WARN_DIRECT_OBJC_ISA_USAGE = YES_ERROR;
				CLANG_WARN_EMPTY_BODY = YES;
				CLANG_WARN_ENUM_CONVERSION = YES;
				CLANG_WARN_INT_CONVERSION = YES;
				CLANG_WARN_OBJC_ROOT_CLASS = YES_ERROR;
				CLANG_WARN_UNREACHABLE_CODE = YES;
				CLANG_WARN__DUPLICATE_METHOD_MATCH = YES;
				"CODE_SIGN_IDENTITY[sdk=iphoneos*]" = "iPhone Developer";
				COPY_PHASE_STRIP = NO;
				DEBUG_INFORMATION_FORMAT = "dwarf-with-dsym";
				ENABLE_NS_ASSERTIONS = NO;
				ENABLE_STRICT_OBJC_MSGSEND = YES;
				GCC_C_LANGUAGE_STANDARD = gnu99;
				GCC_NO_COMMON_BLOCKS = YES;
				GCC_WARN_64_TO_32_BIT_CONVERSION = YES;
				GCC_WARN_ABOUT_RETURN_TYPE = YES_ERROR;
				GCC_WARN_UNDECLARED_SELECTOR = YES;
				GCC_WARN_UNINITIALIZED_AUTOS = YES_AGGRESSIVE;
				GCC_WARN_UNUSED_FUNCTION = YES;
				GCC_WARN_UNUSED_VARIABLE = YES;
				IPHONEOS_DEPLOYMENT_TARGET = 9.1;
				MTL_ENABLE_DEBUG_INFO = NO;
				SDKROOT = iphoneos;
				TARGETED_DEVICE_FAMILY = "1,2";
				VALIDATE_PRODUCT = YES;
			};
			name = Release;
		};
		349A34BA1BF54EE100725CB2 /* Debug */ = {
			isa = XCBuildConfiguration;
			baseConfigurationReference = 1575EAD6467C6F100AC7B290 /* Pods-IZExample.debug.xcconfig */;
			buildSettings = {
				ASSETCATALOG_COMPILER_APPICON_NAME = AppIcon;
				INFOPLIST_FILE = IZExample/Info.plist;
				LD_RUNPATH_SEARCH_PATHS = "$(inherited) @executable_path/Frameworks";
				PRODUCT_BUNDLE_IDENTIFIER = bhenderson.test.IZExample;
				PRODUCT_NAME = "$(TARGET_NAME)";
			};
			name = Debug;
		};
		349A34BB1BF54EE100725CB2 /* Release */ = {
			isa = XCBuildConfiguration;
			baseConfigurationReference = 2542A61A09787DD4E04F6DF5 /* Pods-IZExample.release.xcconfig */;
			buildSettings = {
				ASSETCATALOG_COMPILER_APPICON_NAME = AppIcon;
				INFOPLIST_FILE = IZExample/Info.plist;
				LD_RUNPATH_SEARCH_PATHS = "$(inherited) @executable_path/Frameworks";
				PRODUCT_BUNDLE_IDENTIFIER = bhenderson.test.IZExample;
				PRODUCT_NAME = "$(TARGET_NAME)";
			};
			name = Release;
		};
		349A34C71BF54F6500725CB2 /* Debug */ = {
			isa = XCBuildConfiguration;
			buildSettings = {
				BUNDLE_LOADER = "$(TEST_HOST)";
				INFOPLIST_FILE = IZExampleTests/Info.plist;
				LD_RUNPATH_SEARCH_PATHS = "$(inherited) @executable_path/Frameworks @loader_path/Frameworks";
				PRODUCT_BUNDLE_IDENTIFIER = bhenderson.test.IZExampleTests;
				PRODUCT_NAME = "$(TARGET_NAME)";
				TEST_HOST = "$(BUILT_PRODUCTS_DIR)/IZExample.app/IZExample";
			};
			name = Debug;
		};
		349A34C81BF54F6500725CB2 /* Release */ = {
			isa = XCBuildConfiguration;
			buildSettings = {
				BUNDLE_LOADER = "$(TEST_HOST)";
				INFOPLIST_FILE = IZExampleTests/Info.plist;
				LD_RUNPATH_SEARCH_PATHS = "$(inherited) @executable_path/Frameworks @loader_path/Frameworks";
				PRODUCT_BUNDLE_IDENTIFIER = bhenderson.test.IZExampleTests;
				PRODUCT_NAME = "$(TARGET_NAME)";
				TEST_HOST = "$(BUILT_PRODUCTS_DIR)/IZExample.app/IZExample";
			};
			name = Release;
		};
/* End XCBuildConfiguration section */

/* Begin XCConfigurationList section */
		349A34A21BF54EE100725CB2 /* Build configuration list for PBXProject "IZExample" */ = {
			isa = XCConfigurationList;
			buildConfigurations = (
				349A34B71BF54EE100725CB2 /* Debug */,
				349A34B81BF54EE100725CB2 /* Release */,
			);
			defaultConfigurationIsVisible = 0;
			defaultConfigurationName = Release;
		};
		349A34B91BF54EE100725CB2 /* Build configuration list for PBXNativeTarget "IZExample" */ = {
			isa = XCConfigurationList;
			buildConfigurations = (
				349A34BA1BF54EE100725CB2 /* Debug */,
				349A34BB1BF54EE100725CB2 /* Release */,
			);
			defaultConfigurationIsVisible = 0;
			defaultConfigurationName = Release;
		};
		349A34C91BF54F6500725CB2 /* Build configuration list for PBXNativeTarget "IZExampleTests" */ = {
			isa = XCConfigurationList;
			buildConfigurations = (
				349A34C71BF54F6500725CB2 /* Debug */,
				349A34C81BF54F6500725CB2 /* Release */,
			);
			defaultConfigurationIsVisible = 0;
			defaultConfigurationName = Release;
		};
/* End XCConfigurationList section */
	};
	rootObject = 349A349F1BF54EE100725CB2 /* Project object */;
}
